
Microsoft Visual Studio Solution File, Format Version 12.00
# Visual Studio Version 17
VisualStudioVersion = 17.12.35707.178 d17.12
MinimumVisualStudioVersion = 10.0.40219.1
Project("{FAE04EC0-301F-11D3-BF4B-00C04F79EFBC}") = "erpsystem.Server", "erpsystem.Server\erpsystem.Server.csproj", "{FD53F35B-F9FA-4CFD-9E26-86B08D710AB2}"
EndProject
Project("{54A90642-561A-4BB1-A94E-469ADEE60C69}") = "erpsystem.client", "erpsystem.client\erpsystem.client.esproj", "{711271CE-E962-4CD3-BDB0-000D03BC6D22}"
EndProject
Global
	GlobalSection(SolutionConfigurationPlatforms) = preSolution
		Debug|Any CPU = Debug|Any CPU
		Release|Any CPU = Release|Any CPU
	EndGlobalSection
	GlobalSection(ProjectConfigurationPlatforms) = postSolution
		{FD53F35B-F9FA-4CFD-9E26-86B08D710AB2}.Debug|Any CPU.ActiveCfg = Debug|Any CPU
		{FD53F35B-F9FA-4CFD-9E26-86B08D710AB2}.Debug|Any CPU.Build.0 = Debug|Any CPU
		{FD53F35B-F9FA-4CFD-9E26-86B08D710AB2}.Release|Any CPU.ActiveCfg = Release|Any CPU
		{FD53F35B-F9FA-4CFD-9E26-86B08D710AB2}.Release|Any CPU.Build.0 = Release|Any CPU
		{711271CE-E962-4CD3-BDB0-000D03BC6D22}.Debug|Any CPU.ActiveCfg = Debug|Any CPU
		{711271CE-E962-4CD3-BDB0-000D03BC6D22}.Debug|Any CPU.Build.0 = Debug|Any CPU
		{711271CE-E962-4CD3-BDB0-000D03BC6D22}.Debug|Any CPU.Deploy.0 = Debug|Any CPU
		{711271CE-E962-4CD3-BDB0-000D03BC6D22}.Release|Any CPU.ActiveCfg = Release|Any CPU
		{711271CE-E962-4CD3-BDB0-000D03BC6D22}.Release|Any CPU.Build.0 = Release|Any CPU
		{711271CE-E962-4CD3-BDB0-000D03BC6D22}.Release|Any CPU.Deploy.0 = Release|Any CPU
	EndGlobalSection
	GlobalSection(SolutionProperties) = preSolution
		HideSolutionNode = FALSE
	EndGlobalSection
EndGlobal
